
Microsoft Visual Studio Solution File, Format Version 12.00
# Visual Studio Version 16
VisualStudioVersion = 16.0.29503.13
MinimumVisualStudioVersion = 10.0.40219.1
Project("{FAE04EC0-301F-11D3-BF4B-00C04F79EFBC}") = "ConsoleApp", "ConsoleApp\ConsoleApp.csproj", "{C530FDBF-236B-4BDF-BCB5-7B4C031B271E}"
EndProject
Project("{FAE04EC0-301F-11D3-BF4B-00C04F79EFBC}") = "UserbenchmarkParser", "UserbenchmarkParser\UserbenchmarkParser.csproj", "{CFFB6191-1714-4E5C-B888-2A6986FCEF5B}"
EndProject
Project("{FAE04EC0-301F-11D3-BF4B-00C04F79EFBC}") = "ParsingFramework", "ParsingFramework\ParsingFramework.csproj", "{2444DDA7-FAC1-4C79-ABFD-EDA1A9643D9F}"
EndProject
Project("{FAE04EC0-301F-11D3-BF4B-00C04F79EFBC}") = "WebApp", "WebApp\WebApp.csproj", "{23737411-048B-4399-9135-814C4EB1A6EE}"
EndProject
Global
	GlobalSection(SolutionConfigurationPlatforms) = preSolution
		Debug|Any CPU = Debug|Any CPU
		Release|Any CPU = Release|Any CPU
	EndGlobalSection
	GlobalSection(ProjectConfigurationPlatforms) = postSolution
		{C530FDBF-236B-4BDF-BCB5-7B4C031B271E}.Debug|Any CPU.ActiveCfg = Debug|Any CPU
		{C530FDBF-236B-4BDF-BCB5-7B4C031B271E}.Debug|Any CPU.Build.0 = Debug|Any CPU
		{C530FDBF-236B-4BDF-BCB5-7B4C031B271E}.Release|Any CPU.ActiveCfg = Release|Any CPU
		{C530FDBF-236B-4BDF-BCB5-7B4C031B271E}.Release|Any CPU.Build.0 = Release|Any CPU
		{CFFB6191-1714-4E5C-B888-2A6986FCEF5B}.Debug|Any CPU.ActiveCfg = Debug|Any CPU
		{CFFB6191-1714-4E5C-B888-2A6986FCEF5B}.Debug|Any CPU.Build.0 = Debug|Any CPU
		{CFFB6191-1714-4E5C-B888-2A6986FCEF5B}.Release|Any CPU.ActiveCfg = Release|Any CPU
		{CFFB6191-1714-4E5C-B888-2A6986FCEF5B}.Release|Any CPU.Build.0 = Release|Any CPU
		{2444DDA7-FAC1-4C79-ABFD-EDA1A9643D9F}.Debug|Any CPU.ActiveCfg = Debug|Any CPU
		{2444DDA7-FAC1-4C79-ABFD-EDA1A9643D9F}.Debug|Any CPU.Build.0 = Debug|Any CPU
		{2444DDA7-FAC1-4C79-ABFD-EDA1A9643D9F}.Release|Any CPU.ActiveCfg = Release|Any CPU
		{2444DDA7-FAC1-4C79-ABFD-EDA1A9643D9F}.Release|Any CPU.Build.0 = Release|Any CPU
		{23737411-048B-4399-9135-814C4EB1A6EE}.Debug|Any CPU.ActiveCfg = Debug|Any CPU
		{23737411-048B-4399-9135-814C4EB1A6EE}.Debug|Any CPU.Build.0 = Debug|Any CPU
		{23737411-048B-4399-9135-814C4EB1A6EE}.Release|Any CPU.ActiveCfg = Release|Any CPU
		{23737411-048B-4399-9135-814C4EB1A6EE}.Release|Any CPU.Build.0 = Release|Any CPU
	EndGlobalSection
	GlobalSection(SolutionProperties) = preSolution
		HideSolutionNode = FALSE
	EndGlobalSection
	GlobalSection(ExtensibilityGlobals) = postSolution
		SolutionGuid = {FA9068D0-15EF-48C9-9781-87F4FDCC69F5}
	EndGlobalSection
EndGlobal
